
Microsoft Visual Studio Solution File, Format Version 12.00
# Visual Studio Version 17
VisualStudioVersion = 17.11.35208.52
MinimumVisualStudioVersion = 10.0.40219.1
Project("{FAE04EC0-301F-11D3-BF4B-00C04F79EFBC}") = "ListaDeTarefas", "ListaDeTarefas\ListaDeTarefas.csproj", "{4778C9A0-D6B8-4364-B73B-9C1054BAFEA8}"
EndProject
Global
	GlobalSection(SolutionConfigurationPlatforms) = preSolution
		Debug|Any CPU = Debug|Any CPU
		Release|Any CPU = Release|Any CPU
	EndGlobalSection
	GlobalSection(ProjectConfigurationPlatforms) = postSolution
		{4778C9A0-D6B8-4364-B73B-9C1054BAFEA8}.Debug|Any CPU.ActiveCfg = Debug|Any CPU
		{4778C9A0-D6B8-4364-B73B-9C1054BAFEA8}.Debug|Any CPU.Build.0 = Debug|Any CPU
		{4778C9A0-D6B8-4364-B73B-9C1054BAFEA8}.Release|Any CPU.ActiveCfg = Release|Any CPU
		{4778C9A0-D6B8-4364-B73B-9C1054BAFEA8}.Release|Any CPU.Build.0 = Release|Any CPU
	EndGlobalSection
	GlobalSection(SolutionProperties) = preSolution
		HideSolutionNode = FALSE
	EndGlobalSection
	GlobalSection(ExtensibilityGlobals) = postSolution
		SolutionGuid = {CB94719A-6AF9-4284-915F-762EC1BB50E3}
	EndGlobalSection
EndGlobal
